
Microsoft Visual Studio Solution File, Format Version 12.00
# Visual Studio 2013
VisualStudioVersion = 12.0.30110.0
MinimumVisualStudioVersion = 10.0.40219.1
Project("{FAE04EC0-301F-11D3-BF4B-00C04F79EFBC}") = "TemplateEngine.Frontend", "TemplateEngine.Frontend\TemplateEngine.Frontend.csproj", "{18E8DA22-911B-46E9-A310-C7AFC14DDDED}"
EndProject
Project("{FAE04EC0-301F-11D3-BF4B-00C04F79EFBC}") = "TemplateEngine.Frontend.UI", "TemplateEngine.Frontend.UI\TemplateEngine.Frontend.UI.csproj", "{C8390D27-481D-4470-9B40-9FC428D40AF9}"
EndProject
Project("{FAE04EC0-301F-11D3-BF4B-00C04F79EFBC}") = "TemplateEngine.Backend.UI", "TemplateEngine.Backend.UI\TemplateEngine.Backend.UI.csproj", "{3A1BF1D0-8AA8-4D03-9A9C-D647B634E45D}"
EndProject
Project("{FAE04EC0-301F-11D3-BF4B-00C04F79EFBC}") = "TemplateEngine.Backend", "TemplateEngine.Backend\TemplateEngine.Backend.csproj", "{81BF7E93-6AF0-4C89-98D5-C66903FEDD1B}"
EndProject
Project("{2150E333-8FDC-42A3-9474-1A3956D46DE8}") = ".nuget", ".nuget", "{95D62A44-A396-4AE1-98E1-1D91EBB62F0E}"
	ProjectSection(SolutionItems) = preProject
		.nuget\NuGet.Config = .nuget\NuGet.Config
		.nuget\NuGet.exe = .nuget\NuGet.exe
		.nuget\NuGet.targets = .nuget\NuGet.targets
	EndProjectSection
EndProject
Project("{2150E333-8FDC-42A3-9474-1A3956D46DE8}") = "_Backend", "_Backend", "{BCEEA115-8283-48F4-8FB9-AFBE8A87407A}"
EndProject
Project("{2150E333-8FDC-42A3-9474-1A3956D46DE8}") = "_Frontend", "_Frontend", "{086F01CF-43A8-46BB-836F-9037DE37B4C1}"
EndProject
Project("{FAE04EC0-301F-11D3-BF4B-00C04F79EFBC}") = "TemplateEngine.Web", "TemplateEngine.Web\TemplateEngine.Web.csproj", "{8095932D-EC0B-4990-90F1-951B7B5FEEAC}"
EndProject
Project("{2150E333-8FDC-42A3-9474-1A3956D46DE8}") = "Accounts", "Accounts", "{0335447E-863C-4335-A2FB-A6AC7AE12917}"
EndProject
Project("{FAE04EC0-301F-11D3-BF4B-00C04F79EFBC}") = "TemplateEngine.Data", "TemplateEngine.Data\TemplateEngine.Data.csproj", "{CFB337AC-4C28-4CCC-98DB-860ACEA11BED}"
EndProject
Project("{FAE04EC0-301F-11D3-BF4B-00C04F79EFBC}") = "TemplateEngine.Accounts.Data", "TemplateEngine.Accounts.Data\TemplateEngine.Accounts.Data.csproj", "{81A511CB-E52E-4FD8-91FC-E0B3FA6EEB3E}"
EndProject
Project("{FAE04EC0-301F-11D3-BF4B-00C04F79EFBC}") = "TemplateEngine.Accounts", "TemplateEngine.Accounts\TemplateEngine.Accounts.csproj", "{36F0D8F9-1F8F-409C-9EDA-C17644C4C0D8}"
EndProject
Project("{FAE04EC0-301F-11D3-BF4B-00C04F79EFBC}") = "TemplateEngine.Accounts.Web", "TemplateEngine.Accounts.Web\TemplateEngine.Accounts.Web.csproj", "{A67F64A5-C62D-491E-8AEE-2B5766668B5E}"
EndProject
Project("{FAE04EC0-301F-11D3-BF4B-00C04F79EFBC}") = "TemplateEngine.Accounts.Data.Entity", "TemplateEngine.Accounts.Data.Entity\TemplateEngine.Accounts.Data.Entity.csproj", "{6DD08B12-15BD-4EB3-8273-DA33C59B71C3}"
EndProject
Project("{FAE04EC0-301F-11D3-BF4B-00C04F79EFBC}") = "TemplateEngine.Data.Entity", "TemplateEngine.Data.Entity\TemplateEngine.Data.Entity.csproj", "{176A5378-45BE-4132-99BF-2F24B94712A4}"
EndProject
Project("{FAE04EC0-301F-11D3-BF4B-00C04F79EFBC}") = "TemplateEngine.Web.Compilation", "TemplateEngine.Web.Compilation\TemplateEngine.Web.Compilation.csproj", "{F116D6F7-E47C-4C73-A802-4F61BA50857F}"
EndProject
Project("{FAE04EC0-301F-11D3-BF4B-00C04F79EFBC}") = "TemplateEngine.Navigation", "TemplateEngine.Navigation\TemplateEngine.Navigation.csproj", "{F16D8BC8-2191-498F-9950-DC8AA200B0BA}"
EndProject
Project("{FAE04EC0-301F-11D3-BF4B-00C04F79EFBC}") = "TemplateEngine.Permissions", "TemplateEngine.Permissions\TemplateEngine.Permissions.csproj", "{E5C314FF-89BA-489E-BC2A-DF8701A8C3F1}"
EndProject
Project("{FAE04EC0-301F-11D3-BF4B-00C04F79EFBC}") = "TemplateEngine.Client", "TemplateEngine.Client\TemplateEngine.Client.csproj", "{7DF11E7B-E7FE-4EBB-A707-C592A230DF54}"
EndProject
Project("{FAE04EC0-301F-11D3-BF4B-00C04F79EFBC}") = "TemplateEngine.PresentationModels", "TemplateEngine.PresentationModels\TemplateEngine.PresentationModels.csproj", "{B064BDBC-3755-4110-8EB7-6ADD2535D9FD}"
EndProject
Project("{FAE04EC0-301F-11D3-BF4B-00C04F79EFBC}") = "TemplateEngine", "TemplateEngine\TemplateEngine.csproj", "{0DDEEF40-567F-49DE-94EC-314309702534}"
EndProject
Project("{FAE04EC0-301F-11D3-BF4B-00C04F79EFBC}") = "TemplateEngine.Accounts.Shared", "TemplateEngine.Accounts.Shared\TemplateEngine.Accounts.Shared.csproj", "{BD9BA2AB-C026-4C9F-8605-920D24987756}"
EndProject
Project("{FAE04EC0-301F-11D3-BF4B-00C04F79EFBC}") = "TemplateEngine.Accounts.Bootstrap", "TemplateEngine.Accounts.Bootstrap\TemplateEngine.Accounts.Bootstrap.csproj", "{F0850D8E-C545-4652-8E66-7CB4B816D1CB}"
EndProject
Project("{FAE04EC0-301F-11D3-BF4B-00C04F79EFBC}") = "TemplateEngine.Accounts.Client", "TemplateEngine.Accounts.Client\TemplateEngine.Accounts.Client.csproj", "{D9B6611D-C5D5-4652-99A7-4152775E16CA}"
EndProject
Project("{FAE04EC0-301F-11D3-BF4B-00C04F79EFBC}") = "TemplateEngine.Shared", "TemplateEngine.Shared\TemplateEngine.Shared.csproj", "{A4C6627C-C21B-4BB7-93A4-B40AC748588D}"
EndProject
Global
	GlobalSection(SolutionConfigurationPlatforms) = preSolution
		Debug|Any CPU = Debug|Any CPU
		Release|Any CPU = Release|Any CPU
	EndGlobalSection
	GlobalSection(ProjectConfigurationPlatforms) = postSolution
		{18E8DA22-911B-46E9-A310-C7AFC14DDDED}.Debug|Any CPU.ActiveCfg = Debug|Any CPU
		{18E8DA22-911B-46E9-A310-C7AFC14DDDED}.Debug|Any CPU.Build.0 = Debug|Any CPU
		{18E8DA22-911B-46E9-A310-C7AFC14DDDED}.Release|Any CPU.ActiveCfg = Release|Any CPU
		{18E8DA22-911B-46E9-A310-C7AFC14DDDED}.Release|Any CPU.Build.0 = Release|Any CPU
		{C8390D27-481D-4470-9B40-9FC428D40AF9}.Debug|Any CPU.ActiveCfg = Debug|Any CPU
		{C8390D27-481D-4470-9B40-9FC428D40AF9}.Debug|Any CPU.Build.0 = Debug|Any CPU
		{C8390D27-481D-4470-9B40-9FC428D40AF9}.Release|Any CPU.ActiveCfg = Release|Any CPU
		{C8390D27-481D-4470-9B40-9FC428D40AF9}.Release|Any CPU.Build.0 = Release|Any CPU
		{3A1BF1D0-8AA8-4D03-9A9C-D647B634E45D}.Debug|Any CPU.ActiveCfg = Debug|Any CPU
		{3A1BF1D0-8AA8-4D03-9A9C-D647B634E45D}.Debug|Any CPU.Build.0 = Debug|Any CPU
		{3A1BF1D0-8AA8-4D03-9A9C-D647B634E45D}.Release|Any CPU.ActiveCfg = Release|Any CPU
		{3A1BF1D0-8AA8-4D03-9A9C-D647B634E45D}.Release|Any CPU.Build.0 = Release|Any CPU
		{81BF7E93-6AF0-4C89-98D5-C66903FEDD1B}.Debug|Any CPU.ActiveCfg = Debug|Any CPU
		{81BF7E93-6AF0-4C89-98D5-C66903FEDD1B}.Debug|Any CPU.Build.0 = Debug|Any CPU
		{81BF7E93-6AF0-4C89-98D5-C66903FEDD1B}.Release|Any CPU.ActiveCfg = Release|Any CPU
		{81BF7E93-6AF0-4C89-98D5-C66903FEDD1B}.Release|Any CPU.Build.0 = Release|Any CPU
		{8095932D-EC0B-4990-90F1-951B7B5FEEAC}.Debug|Any CPU.ActiveCfg = Debug|Any CPU
		{8095932D-EC0B-4990-90F1-951B7B5FEEAC}.Debug|Any CPU.Build.0 = Debug|Any CPU
		{8095932D-EC0B-4990-90F1-951B7B5FEEAC}.Release|Any CPU.ActiveCfg = Release|Any CPU
		{8095932D-EC0B-4990-90F1-951B7B5FEEAC}.Release|Any CPU.Build.0 = Release|Any CPU
		{CFB337AC-4C28-4CCC-98DB-860ACEA11BED}.Debug|Any CPU.ActiveCfg = Debug|Any CPU
		{CFB337AC-4C28-4CCC-98DB-860ACEA11BED}.Debug|Any CPU.Build.0 = Debug|Any CPU
		{CFB337AC-4C28-4CCC-98DB-860ACEA11BED}.Release|Any CPU.ActiveCfg = Release|Any CPU
		{CFB337AC-4C28-4CCC-98DB-860ACEA11BED}.Release|Any CPU.Build.0 = Release|Any CPU
		{81A511CB-E52E-4FD8-91FC-E0B3FA6EEB3E}.Debug|Any CPU.ActiveCfg = Debug|Any CPU
		{81A511CB-E52E-4FD8-91FC-E0B3FA6EEB3E}.Debug|Any CPU.Build.0 = Debug|Any CPU
		{81A511CB-E52E-4FD8-91FC-E0B3FA6EEB3E}.Release|Any CPU.ActiveCfg = Release|Any CPU
		{81A511CB-E52E-4FD8-91FC-E0B3FA6EEB3E}.Release|Any CPU.Build.0 = Release|Any CPU
		{36F0D8F9-1F8F-409C-9EDA-C17644C4C0D8}.Debug|Any CPU.ActiveCfg = Debug|Any CPU
		{36F0D8F9-1F8F-409C-9EDA-C17644C4C0D8}.Debug|Any CPU.Build.0 = Debug|Any CPU
		{36F0D8F9-1F8F-409C-9EDA-C17644C4C0D8}.Release|Any CPU.ActiveCfg = Release|Any CPU
		{36F0D8F9-1F8F-409C-9EDA-C17644C4C0D8}.Release|Any CPU.Build.0 = Release|Any CPU
		{A67F64A5-C62D-491E-8AEE-2B5766668B5E}.Debug|Any CPU.ActiveCfg = Debug|Any CPU
		{A67F64A5-C62D-491E-8AEE-2B5766668B5E}.Debug|Any CPU.Build.0 = Debug|Any CPU
		{A67F64A5-C62D-491E-8AEE-2B5766668B5E}.Release|Any CPU.ActiveCfg = Release|Any CPU
		{A67F64A5-C62D-491E-8AEE-2B5766668B5E}.Release|Any CPU.Build.0 = Release|Any CPU
		{6DD08B12-15BD-4EB3-8273-DA33C59B71C3}.Debug|Any CPU.ActiveCfg = Debug|Any CPU
		{6DD08B12-15BD-4EB3-8273-DA33C59B71C3}.Debug|Any CPU.Build.0 = Debug|Any CPU
		{6DD08B12-15BD-4EB3-8273-DA33C59B71C3}.Release|Any CPU.ActiveCfg = Release|Any CPU
		{6DD08B12-15BD-4EB3-8273-DA33C59B71C3}.Release|Any CPU.Build.0 = Release|Any CPU
		{176A5378-45BE-4132-99BF-2F24B94712A4}.Debug|Any CPU.ActiveCfg = Debug|Any CPU
		{176A5378-45BE-4132-99BF-2F24B94712A4}.Debug|Any CPU.Build.0 = Debug|Any CPU
		{176A5378-45BE-4132-99BF-2F24B94712A4}.Release|Any CPU.ActiveCfg = Release|Any CPU
		{176A5378-45BE-4132-99BF-2F24B94712A4}.Release|Any CPU.Build.0 = Release|Any CPU
		{F116D6F7-E47C-4C73-A802-4F61BA50857F}.Debug|Any CPU.ActiveCfg = Debug|Any CPU
		{F116D6F7-E47C-4C73-A802-4F61BA50857F}.Debug|Any CPU.Build.0 = Debug|Any CPU
		{F116D6F7-E47C-4C73-A802-4F61BA50857F}.Release|Any CPU.ActiveCfg = Release|Any CPU
		{F116D6F7-E47C-4C73-A802-4F61BA50857F}.Release|Any CPU.Build.0 = Release|Any CPU
		{F16D8BC8-2191-498F-9950-DC8AA200B0BA}.Debug|Any CPU.ActiveCfg = Debug|Any CPU
		{F16D8BC8-2191-498F-9950-DC8AA200B0BA}.Debug|Any CPU.Build.0 = Debug|Any CPU
		{F16D8BC8-2191-498F-9950-DC8AA200B0BA}.Release|Any CPU.ActiveCfg = Release|Any CPU
		{F16D8BC8-2191-498F-9950-DC8AA200B0BA}.Release|Any CPU.Build.0 = Release|Any CPU
		{E5C314FF-89BA-489E-BC2A-DF8701A8C3F1}.Debug|Any CPU.ActiveCfg = Debug|Any CPU
		{E5C314FF-89BA-489E-BC2A-DF8701A8C3F1}.Debug|Any CPU.Build.0 = Debug|Any CPU
		{E5C314FF-89BA-489E-BC2A-DF8701A8C3F1}.Release|Any CPU.ActiveCfg = Release|Any CPU
		{E5C314FF-89BA-489E-BC2A-DF8701A8C3F1}.Release|Any CPU.Build.0 = Release|Any CPU
		{7DF11E7B-E7FE-4EBB-A707-C592A230DF54}.Debug|Any CPU.ActiveCfg = Debug|Any CPU
		{7DF11E7B-E7FE-4EBB-A707-C592A230DF54}.Debug|Any CPU.Build.0 = Debug|Any CPU
		{7DF11E7B-E7FE-4EBB-A707-C592A230DF54}.Release|Any CPU.ActiveCfg = Release|Any CPU
		{7DF11E7B-E7FE-4EBB-A707-C592A230DF54}.Release|Any CPU.Build.0 = Release|Any CPU
		{B064BDBC-3755-4110-8EB7-6ADD2535D9FD}.Debug|Any CPU.ActiveCfg = Debug|Any CPU
		{B064BDBC-3755-4110-8EB7-6ADD2535D9FD}.Debug|Any CPU.Build.0 = Debug|Any CPU
		{B064BDBC-3755-4110-8EB7-6ADD2535D9FD}.Release|Any CPU.ActiveCfg = Release|Any CPU
		{B064BDBC-3755-4110-8EB7-6ADD2535D9FD}.Release|Any CPU.Build.0 = Release|Any CPU
		{0DDEEF40-567F-49DE-94EC-314309702534}.Debug|Any CPU.ActiveCfg = Debug|Any CPU
		{0DDEEF40-567F-49DE-94EC-314309702534}.Debug|Any CPU.Build.0 = Debug|Any CPU
		{0DDEEF40-567F-49DE-94EC-314309702534}.Release|Any CPU.ActiveCfg = Release|Any CPU
		{0DDEEF40-567F-49DE-94EC-314309702534}.Release|Any CPU.Build.0 = Release|Any CPU
		{BD9BA2AB-C026-4C9F-8605-920D24987756}.Debug|Any CPU.ActiveCfg = Debug|Any CPU
		{BD9BA2AB-C026-4C9F-8605-920D24987756}.Debug|Any CPU.Build.0 = Debug|Any CPU
		{BD9BA2AB-C026-4C9F-8605-920D24987756}.Release|Any CPU.ActiveCfg = Release|Any CPU
		{BD9BA2AB-C026-4C9F-8605-920D24987756}.Release|Any CPU.Build.0 = Release|Any CPU
		{F0850D8E-C545-4652-8E66-7CB4B816D1CB}.Debug|Any CPU.ActiveCfg = Debug|Any CPU
		{F0850D8E-C545-4652-8E66-7CB4B816D1CB}.Debug|Any CPU.Build.0 = Debug|Any CPU
		{F0850D8E-C545-4652-8E66-7CB4B816D1CB}.Release|Any CPU.ActiveCfg = Release|Any CPU
		{F0850D8E-C545-4652-8E66-7CB4B816D1CB}.Release|Any CPU.Build.0 = Release|Any CPU
		{D9B6611D-C5D5-4652-99A7-4152775E16CA}.Debug|Any CPU.ActiveCfg = Debug|Any CPU
		{D9B6611D-C5D5-4652-99A7-4152775E16CA}.Debug|Any CPU.Build.0 = Debug|Any CPU
		{D9B6611D-C5D5-4652-99A7-4152775E16CA}.Release|Any CPU.ActiveCfg = Release|Any CPU
		{D9B6611D-C5D5-4652-99A7-4152775E16CA}.Release|Any CPU.Build.0 = Release|Any CPU
		{A4C6627C-C21B-4BB7-93A4-B40AC748588D}.Debug|Any CPU.ActiveCfg = Debug|Any CPU
		{A4C6627C-C21B-4BB7-93A4-B40AC748588D}.Debug|Any CPU.Build.0 = Debug|Any CPU
		{A4C6627C-C21B-4BB7-93A4-B40AC748588D}.Release|Any CPU.ActiveCfg = Release|Any CPU
		{A4C6627C-C21B-4BB7-93A4-B40AC748588D}.Release|Any CPU.Build.0 = Release|Any CPU
	EndGlobalSection
	GlobalSection(SolutionProperties) = preSolution
		HideSolutionNode = FALSE
	EndGlobalSection
	GlobalSection(NestedProjects) = preSolution
		{C8390D27-481D-4470-9B40-9FC428D40AF9} = {086F01CF-43A8-46BB-836F-9037DE37B4C1}
		{18E8DA22-911B-46E9-A310-C7AFC14DDDED} = {086F01CF-43A8-46BB-836F-9037DE37B4C1}
		{81BF7E93-6AF0-4C89-98D5-C66903FEDD1B} = {BCEEA115-8283-48F4-8FB9-AFBE8A87407A}
		{3A1BF1D0-8AA8-4D03-9A9C-D647B634E45D} = {BCEEA115-8283-48F4-8FB9-AFBE8A87407A}
		{81A511CB-E52E-4FD8-91FC-E0B3FA6EEB3E} = {0335447E-863C-4335-A2FB-A6AC7AE12917}
		{36F0D8F9-1F8F-409C-9EDA-C17644C4C0D8} = {0335447E-863C-4335-A2FB-A6AC7AE12917}
		{A67F64A5-C62D-491E-8AEE-2B5766668B5E} = {0335447E-863C-4335-A2FB-A6AC7AE12917}
		{6DD08B12-15BD-4EB3-8273-DA33C59B71C3} = {0335447E-863C-4335-A2FB-A6AC7AE12917}
		{BD9BA2AB-C026-4C9F-8605-920D24987756} = {0335447E-863C-4335-A2FB-A6AC7AE12917}
		{F0850D8E-C545-4652-8E66-7CB4B816D1CB} = {0335447E-863C-4335-A2FB-A6AC7AE12917}
		{D9B6611D-C5D5-4652-99A7-4152775E16CA} = {0335447E-863C-4335-A2FB-A6AC7AE12917}
	EndGlobalSection
	GlobalSection(ExtensibilityGlobals) = postSolution
		VisualSVNWorkingCopyRoot = .
	EndGlobalSection
EndGlobal
