
Microsoft Visual Studio Solution File, Format Version 12.00
# Visual Studio 2013
VisualStudioVersion = 12.0.30110.0
MinimumVisualStudioVersion = 10.0.40219.1
Project("{FAE04EC0-301F-11D3-BF4B-00C04F79EFBC}") = "TemplateEngine.Frontend", "TemplateEngine.Frontend\TemplateEngine.Frontend.csproj", "{18E8DA22-911B-46E9-A310-C7AFC14DDDED}"
EndProject
Project("{FAE04EC0-301F-11D3-BF4B-00C04F79EFBC}") = "TemplateEngine.Frontend.UI", "TemplateEngine.Frontend.UI\TemplateEngine.Frontend.UI.csproj", "{C8390D27-481D-4470-9B40-9FC428D40AF9}"
EndProject
Project("{FAE04EC0-301F-11D3-BF4B-00C04F79EFBC}") = "TemplateEngine.Backend.UI", "TemplateEngine.Backend.UI\TemplateEngine.Backend.UI.csproj", "{3A1BF1D0-8AA8-4D03-9A9C-D647B634E45D}"
EndProject
Project("{2150E333-8FDC-42A3-9474-1A3956D46DE8}") = ".nuget", ".nuget", "{95D62A44-A396-4AE1-98E1-1D91EBB62F0E}"
	ProjectSection(SolutionItems) = preProject
		.nuget\NuGet.Config = .nuget\NuGet.Config
		.nuget\NuGet.exe = .nuget\NuGet.exe
		.nuget\NuGet.targets = .nuget\NuGet.targets
	EndProjectSection
EndProject
Project("{2150E333-8FDC-42A3-9474-1A3956D46DE8}") = "_Frontend", "_Frontend", "{086F01CF-43A8-46BB-836F-9037DE37B4C1}"
EndProject
Project("{2150E333-8FDC-42A3-9474-1A3956D46DE8}") = "Accounts", "Accounts", "{0335447E-863C-4335-A2FB-A6AC7AE12917}"
EndProject
Project("{FAE04EC0-301F-11D3-BF4B-00C04F79EFBC}") = "TemplateEngine.Accounts", "TemplateEngine.Accounts\TemplateEngine.Accounts.csproj", "{36F0D8F9-1F8F-409C-9EDA-C17644C4C0D8}"
EndProject
Project("{FAE04EC0-301F-11D3-BF4B-00C04F79EFBC}") = "TemplateEngine.Accounts.Data.Entity", "TemplateEngine.Accounts.Data.Entity\TemplateEngine.Accounts.Data.Entity.csproj", "{6DD08B12-15BD-4EB3-8273-DA33C59B71C3}"
EndProject
Project("{FAE04EC0-301F-11D3-BF4B-00C04F79EFBC}") = "TemplateEngine.Templates.Compilation", "TemplateEngine.Web.Compilation\TemplateEngine.Templates.Compilation.csproj", "{F116D6F7-E47C-4C73-A802-4F61BA50857F}"
EndProject
Project("{FAE04EC0-301F-11D3-BF4B-00C04F79EFBC}") = "TemplateEngine.Navigation", "TemplateEngine.Navigation\TemplateEngine.Navigation.csproj", "{F16D8BC8-2191-498F-9950-DC8AA200B0BA}"
EndProject
Project("{FAE04EC0-301F-11D3-BF4B-00C04F79EFBC}") = "TemplateEngine.Client", "TemplateEngine.Client\TemplateEngine.Client.csproj", "{7DF11E7B-E7FE-4EBB-A707-C592A230DF54}"
EndProject
Project("{FAE04EC0-301F-11D3-BF4B-00C04F79EFBC}") = "TemplateEngine", "TemplateEngine\TemplateEngine.csproj", "{0DDEEF40-567F-49DE-94EC-314309702534}"
EndProject
Project("{FAE04EC0-301F-11D3-BF4B-00C04F79EFBC}") = "TemplateEngine.Accounts.Shared", "TemplateEngine.Accounts.Shared\TemplateEngine.Accounts.Shared.csproj", "{BD9BA2AB-C026-4C9F-8605-920D24987756}"
EndProject
Project("{FAE04EC0-301F-11D3-BF4B-00C04F79EFBC}") = "TemplateEngine.Accounts.Client", "TemplateEngine.Accounts.Client\TemplateEngine.Accounts.Client.csproj", "{D9B6611D-C5D5-4652-99A7-4152775E16CA}"
EndProject
Project("{FAE04EC0-301F-11D3-BF4B-00C04F79EFBC}") = "TemplateEngine.Shared", "TemplateEngine.Shared\TemplateEngine.Shared.csproj", "{A4C6627C-C21B-4BB7-93A4-B40AC748588D}"
EndProject
Project("{2150E333-8FDC-42A3-9474-1A3956D46DE8}") = "Framework", "Framework", "{C3F66B67-FA56-40D6-800B-335163886830}"
EndProject
Project("{FAE04EC0-301F-11D3-BF4B-00C04F79EFBC}") = "TemplateEngine.Routing.Client", "TemplateEngine.Routing.Client\TemplateEngine.Routing.Client.csproj", "{9432EE8B-1181-43CB-9E8D-E156EAC8F7BA}"
EndProject
Project("{FAE04EC0-301F-11D3-BF4B-00C04F79EFBC}") = "TemplateEngine.Templates", "TemplateEngine.Templates\TemplateEngine.Templates.csproj", "{EE534ABF-10E8-467B-AA25-D8A39B6542B4}"
EndProject
Project("{FAE04EC0-301F-11D3-BF4B-00C04F79EFBC}") = "TemplateEngine.Hosting", "TemplateEngine.Hosting\TemplateEngine.Hosting.csproj", "{F794B999-94DB-4443-8780-25AD170742EE}"
EndProject
Project("{FAE04EC0-301F-11D3-BF4B-00C04F79EFBC}") = "TemplateEngine.Controllers", "TemplateEngine.Controllers\TemplateEngine.Controllers.csproj", "{CEFD01C6-467D-4E1C-ACE6-AF093E443E08}"
EndProject
Project("{FAE04EC0-301F-11D3-BF4B-00C04F79EFBC}") = "TemplateEngine.Providers", "TemplateEngine.Providers\TemplateEngine.Providers.csproj", "{30214616-7C89-467A-9147-7385E91AED13}"
EndProject
Project("{FAE04EC0-301F-11D3-BF4B-00C04F79EFBC}") = "TemplateEngine.Templates.Client", "TemplateEngine.Templates.Client\TemplateEngine.Templates.Client.csproj", "{6E0BCD94-E6D1-4F4D-BF0F-912EE279C09C}"
EndProject
Project("{FAE04EC0-301F-11D3-BF4B-00C04F79EFBC}") = "TemplateEngine.Accounts.Templates", "TemplateEngine.Accounts.Templates\TemplateEngine.Accounts.Templates.csproj", "{FBF201AD-00AC-4899-98EA-3ABC7DB0D67C}"
EndProject
Project("{FAE04EC0-301F-11D3-BF4B-00C04F79EFBC}") = "TemplateEngine.Accounts.Controllers", "TemplateEngine.Accounts.Controllers\TemplateEngine.Accounts.Controllers.csproj", "{FD17A578-FD88-4DEB-A1B2-5619BBB515FA}"
EndProject
Project("{FAE04EC0-301F-11D3-BF4B-00C04F79EFBC}") = "TemplateEngine.Accounts.Hosting", "TemplateEngine.Accounts.Hosting\TemplateEngine.Accounts.Hosting.csproj", "{AB318AAD-488F-4C85-9BA0-900A0826E941}"
EndProject
Project("{FAE04EC0-301F-11D3-BF4B-00C04F79EFBC}") = "TemplateEngine.Accounts.ViewModels", "TemplateEngine.Accounts.ViewModels\TemplateEngine.Accounts.ViewModels.csproj", "{F5033996-E58C-4E29-A79E-7512E4D8FDAA}"
EndProject
Project("{FAE04EC0-301F-11D3-BF4B-00C04F79EFBC}") = "TemplateEngine.Hosting.Integration", "TemplateEngine.Hosting.Integration\TemplateEngine.Hosting.Integration.csproj", "{F206C037-60A2-47A0-9166-F60A785FADC7}"
EndProject
Project("{FAE04EC0-301F-11D3-BF4B-00C04F79EFBC}") = "Test", "Test\Test.csproj", "{06BE7FC4-342C-464C-B1C3-245B31BA3262}"
EndProject
Global
	GlobalSection(SolutionConfigurationPlatforms) = preSolution
		Debug|Any CPU = Debug|Any CPU
		Release|Any CPU = Release|Any CPU
	EndGlobalSection
	GlobalSection(ProjectConfigurationPlatforms) = postSolution
		{18E8DA22-911B-46E9-A310-C7AFC14DDDED}.Debug|Any CPU.ActiveCfg = Debug|Any CPU
		{18E8DA22-911B-46E9-A310-C7AFC14DDDED}.Debug|Any CPU.Build.0 = Debug|Any CPU
		{18E8DA22-911B-46E9-A310-C7AFC14DDDED}.Release|Any CPU.ActiveCfg = Release|Any CPU
		{18E8DA22-911B-46E9-A310-C7AFC14DDDED}.Release|Any CPU.Build.0 = Release|Any CPU
		{C8390D27-481D-4470-9B40-9FC428D40AF9}.Debug|Any CPU.ActiveCfg = Debug|Any CPU
		{C8390D27-481D-4470-9B40-9FC428D40AF9}.Debug|Any CPU.Build.0 = Debug|Any CPU
		{C8390D27-481D-4470-9B40-9FC428D40AF9}.Release|Any CPU.ActiveCfg = Release|Any CPU
		{C8390D27-481D-4470-9B40-9FC428D40AF9}.Release|Any CPU.Build.0 = Release|Any CPU
		{3A1BF1D0-8AA8-4D03-9A9C-D647B634E45D}.Debug|Any CPU.ActiveCfg = Debug|Any CPU
		{3A1BF1D0-8AA8-4D03-9A9C-D647B634E45D}.Debug|Any CPU.Build.0 = Debug|Any CPU
		{3A1BF1D0-8AA8-4D03-9A9C-D647B634E45D}.Release|Any CPU.ActiveCfg = Release|Any CPU
		{3A1BF1D0-8AA8-4D03-9A9C-D647B634E45D}.Release|Any CPU.Build.0 = Release|Any CPU
		{36F0D8F9-1F8F-409C-9EDA-C17644C4C0D8}.Debug|Any CPU.ActiveCfg = Debug|Any CPU
		{36F0D8F9-1F8F-409C-9EDA-C17644C4C0D8}.Debug|Any CPU.Build.0 = Debug|Any CPU
		{36F0D8F9-1F8F-409C-9EDA-C17644C4C0D8}.Release|Any CPU.ActiveCfg = Release|Any CPU
		{36F0D8F9-1F8F-409C-9EDA-C17644C4C0D8}.Release|Any CPU.Build.0 = Release|Any CPU
		{6DD08B12-15BD-4EB3-8273-DA33C59B71C3}.Debug|Any CPU.ActiveCfg = Debug|Any CPU
		{6DD08B12-15BD-4EB3-8273-DA33C59B71C3}.Debug|Any CPU.Build.0 = Debug|Any CPU
		{6DD08B12-15BD-4EB3-8273-DA33C59B71C3}.Release|Any CPU.ActiveCfg = Release|Any CPU
		{6DD08B12-15BD-4EB3-8273-DA33C59B71C3}.Release|Any CPU.Build.0 = Release|Any CPU
		{F116D6F7-E47C-4C73-A802-4F61BA50857F}.Debug|Any CPU.ActiveCfg = Debug|Any CPU
		{F116D6F7-E47C-4C73-A802-4F61BA50857F}.Debug|Any CPU.Build.0 = Debug|Any CPU
		{F116D6F7-E47C-4C73-A802-4F61BA50857F}.Release|Any CPU.ActiveCfg = Release|Any CPU
		{F116D6F7-E47C-4C73-A802-4F61BA50857F}.Release|Any CPU.Build.0 = Release|Any CPU
		{F16D8BC8-2191-498F-9950-DC8AA200B0BA}.Debug|Any CPU.ActiveCfg = Debug|Any CPU
		{F16D8BC8-2191-498F-9950-DC8AA200B0BA}.Debug|Any CPU.Build.0 = Debug|Any CPU
		{F16D8BC8-2191-498F-9950-DC8AA200B0BA}.Release|Any CPU.ActiveCfg = Release|Any CPU
		{F16D8BC8-2191-498F-9950-DC8AA200B0BA}.Release|Any CPU.Build.0 = Release|Any CPU
		{7DF11E7B-E7FE-4EBB-A707-C592A230DF54}.Debug|Any CPU.ActiveCfg = Debug|Any CPU
		{7DF11E7B-E7FE-4EBB-A707-C592A230DF54}.Debug|Any CPU.Build.0 = Debug|Any CPU
		{7DF11E7B-E7FE-4EBB-A707-C592A230DF54}.Release|Any CPU.ActiveCfg = Release|Any CPU
		{7DF11E7B-E7FE-4EBB-A707-C592A230DF54}.Release|Any CPU.Build.0 = Release|Any CPU
		{0DDEEF40-567F-49DE-94EC-314309702534}.Debug|Any CPU.ActiveCfg = Debug|Any CPU
		{0DDEEF40-567F-49DE-94EC-314309702534}.Debug|Any CPU.Build.0 = Debug|Any CPU
		{0DDEEF40-567F-49DE-94EC-314309702534}.Release|Any CPU.ActiveCfg = Release|Any CPU
		{0DDEEF40-567F-49DE-94EC-314309702534}.Release|Any CPU.Build.0 = Release|Any CPU
		{BD9BA2AB-C026-4C9F-8605-920D24987756}.Debug|Any CPU.ActiveCfg = Debug|Any CPU
		{BD9BA2AB-C026-4C9F-8605-920D24987756}.Debug|Any CPU.Build.0 = Debug|Any CPU
		{BD9BA2AB-C026-4C9F-8605-920D24987756}.Release|Any CPU.ActiveCfg = Release|Any CPU
		{BD9BA2AB-C026-4C9F-8605-920D24987756}.Release|Any CPU.Build.0 = Release|Any CPU
		{D9B6611D-C5D5-4652-99A7-4152775E16CA}.Debug|Any CPU.ActiveCfg = Debug|Any CPU
		{D9B6611D-C5D5-4652-99A7-4152775E16CA}.Debug|Any CPU.Build.0 = Debug|Any CPU
		{D9B6611D-C5D5-4652-99A7-4152775E16CA}.Release|Any CPU.ActiveCfg = Release|Any CPU
		{D9B6611D-C5D5-4652-99A7-4152775E16CA}.Release|Any CPU.Build.0 = Release|Any CPU
		{A4C6627C-C21B-4BB7-93A4-B40AC748588D}.Debug|Any CPU.ActiveCfg = Debug|Any CPU
		{A4C6627C-C21B-4BB7-93A4-B40AC748588D}.Debug|Any CPU.Build.0 = Debug|Any CPU
		{A4C6627C-C21B-4BB7-93A4-B40AC748588D}.Release|Any CPU.ActiveCfg = Release|Any CPU
		{A4C6627C-C21B-4BB7-93A4-B40AC748588D}.Release|Any CPU.Build.0 = Release|Any CPU
		{9432EE8B-1181-43CB-9E8D-E156EAC8F7BA}.Debug|Any CPU.ActiveCfg = Debug|Any CPU
		{9432EE8B-1181-43CB-9E8D-E156EAC8F7BA}.Debug|Any CPU.Build.0 = Debug|Any CPU
		{9432EE8B-1181-43CB-9E8D-E156EAC8F7BA}.Release|Any CPU.ActiveCfg = Release|Any CPU
		{9432EE8B-1181-43CB-9E8D-E156EAC8F7BA}.Release|Any CPU.Build.0 = Release|Any CPU
		{EE534ABF-10E8-467B-AA25-D8A39B6542B4}.Debug|Any CPU.ActiveCfg = Debug|Any CPU
		{EE534ABF-10E8-467B-AA25-D8A39B6542B4}.Debug|Any CPU.Build.0 = Debug|Any CPU
		{EE534ABF-10E8-467B-AA25-D8A39B6542B4}.Release|Any CPU.ActiveCfg = Release|Any CPU
		{EE534ABF-10E8-467B-AA25-D8A39B6542B4}.Release|Any CPU.Build.0 = Release|Any CPU
		{F794B999-94DB-4443-8780-25AD170742EE}.Debug|Any CPU.ActiveCfg = Debug|Any CPU
		{F794B999-94DB-4443-8780-25AD170742EE}.Debug|Any CPU.Build.0 = Debug|Any CPU
		{F794B999-94DB-4443-8780-25AD170742EE}.Release|Any CPU.ActiveCfg = Release|Any CPU
		{F794B999-94DB-4443-8780-25AD170742EE}.Release|Any CPU.Build.0 = Release|Any CPU
		{CEFD01C6-467D-4E1C-ACE6-AF093E443E08}.Debug|Any CPU.ActiveCfg = Debug|Any CPU
		{CEFD01C6-467D-4E1C-ACE6-AF093E443E08}.Debug|Any CPU.Build.0 = Debug|Any CPU
		{CEFD01C6-467D-4E1C-ACE6-AF093E443E08}.Release|Any CPU.ActiveCfg = Release|Any CPU
		{CEFD01C6-467D-4E1C-ACE6-AF093E443E08}.Release|Any CPU.Build.0 = Release|Any CPU
		{30214616-7C89-467A-9147-7385E91AED13}.Debug|Any CPU.ActiveCfg = Debug|Any CPU
		{30214616-7C89-467A-9147-7385E91AED13}.Debug|Any CPU.Build.0 = Debug|Any CPU
		{30214616-7C89-467A-9147-7385E91AED13}.Release|Any CPU.ActiveCfg = Release|Any CPU
		{30214616-7C89-467A-9147-7385E91AED13}.Release|Any CPU.Build.0 = Release|Any CPU
		{6E0BCD94-E6D1-4F4D-BF0F-912EE279C09C}.Debug|Any CPU.ActiveCfg = Debug|Any CPU
		{6E0BCD94-E6D1-4F4D-BF0F-912EE279C09C}.Debug|Any CPU.Build.0 = Debug|Any CPU
		{6E0BCD94-E6D1-4F4D-BF0F-912EE279C09C}.Release|Any CPU.ActiveCfg = Release|Any CPU
		{6E0BCD94-E6D1-4F4D-BF0F-912EE279C09C}.Release|Any CPU.Build.0 = Release|Any CPU
		{FBF201AD-00AC-4899-98EA-3ABC7DB0D67C}.Debug|Any CPU.ActiveCfg = Debug|Any CPU
		{FBF201AD-00AC-4899-98EA-3ABC7DB0D67C}.Debug|Any CPU.Build.0 = Debug|Any CPU
		{FBF201AD-00AC-4899-98EA-3ABC7DB0D67C}.Release|Any CPU.ActiveCfg = Release|Any CPU
		{FBF201AD-00AC-4899-98EA-3ABC7DB0D67C}.Release|Any CPU.Build.0 = Release|Any CPU
		{FD17A578-FD88-4DEB-A1B2-5619BBB515FA}.Debug|Any CPU.ActiveCfg = Debug|Any CPU
		{FD17A578-FD88-4DEB-A1B2-5619BBB515FA}.Debug|Any CPU.Build.0 = Debug|Any CPU
		{FD17A578-FD88-4DEB-A1B2-5619BBB515FA}.Release|Any CPU.ActiveCfg = Release|Any CPU
		{FD17A578-FD88-4DEB-A1B2-5619BBB515FA}.Release|Any CPU.Build.0 = Release|Any CPU
		{AB318AAD-488F-4C85-9BA0-900A0826E941}.Debug|Any CPU.ActiveCfg = Debug|Any CPU
		{AB318AAD-488F-4C85-9BA0-900A0826E941}.Debug|Any CPU.Build.0 = Debug|Any CPU
		{AB318AAD-488F-4C85-9BA0-900A0826E941}.Release|Any CPU.ActiveCfg = Release|Any CPU
		{AB318AAD-488F-4C85-9BA0-900A0826E941}.Release|Any CPU.Build.0 = Release|Any CPU
		{F5033996-E58C-4E29-A79E-7512E4D8FDAA}.Debug|Any CPU.ActiveCfg = Debug|Any CPU
		{F5033996-E58C-4E29-A79E-7512E4D8FDAA}.Debug|Any CPU.Build.0 = Debug|Any CPU
		{F5033996-E58C-4E29-A79E-7512E4D8FDAA}.Release|Any CPU.ActiveCfg = Release|Any CPU
		{F5033996-E58C-4E29-A79E-7512E4D8FDAA}.Release|Any CPU.Build.0 = Release|Any CPU
		{F206C037-60A2-47A0-9166-F60A785FADC7}.Debug|Any CPU.ActiveCfg = Debug|Any CPU
		{F206C037-60A2-47A0-9166-F60A785FADC7}.Debug|Any CPU.Build.0 = Debug|Any CPU
		{F206C037-60A2-47A0-9166-F60A785FADC7}.Release|Any CPU.ActiveCfg = Release|Any CPU
		{F206C037-60A2-47A0-9166-F60A785FADC7}.Release|Any CPU.Build.0 = Release|Any CPU
		{06BE7FC4-342C-464C-B1C3-245B31BA3262}.Debug|Any CPU.ActiveCfg = Debug|Any CPU
		{06BE7FC4-342C-464C-B1C3-245B31BA3262}.Debug|Any CPU.Build.0 = Debug|Any CPU
		{06BE7FC4-342C-464C-B1C3-245B31BA3262}.Release|Any CPU.ActiveCfg = Release|Any CPU
		{06BE7FC4-342C-464C-B1C3-245B31BA3262}.Release|Any CPU.Build.0 = Release|Any CPU
	EndGlobalSection
	GlobalSection(SolutionProperties) = preSolution
		HideSolutionNode = FALSE
	EndGlobalSection
	GlobalSection(NestedProjects) = preSolution
		{C8390D27-481D-4470-9B40-9FC428D40AF9} = {086F01CF-43A8-46BB-836F-9037DE37B4C1}
		{18E8DA22-911B-46E9-A310-C7AFC14DDDED} = {086F01CF-43A8-46BB-836F-9037DE37B4C1}
		{36F0D8F9-1F8F-409C-9EDA-C17644C4C0D8} = {0335447E-863C-4335-A2FB-A6AC7AE12917}
		{6DD08B12-15BD-4EB3-8273-DA33C59B71C3} = {0335447E-863C-4335-A2FB-A6AC7AE12917}
		{BD9BA2AB-C026-4C9F-8605-920D24987756} = {0335447E-863C-4335-A2FB-A6AC7AE12917}
		{D9B6611D-C5D5-4652-99A7-4152775E16CA} = {0335447E-863C-4335-A2FB-A6AC7AE12917}
		{FBF201AD-00AC-4899-98EA-3ABC7DB0D67C} = {0335447E-863C-4335-A2FB-A6AC7AE12917}
		{FD17A578-FD88-4DEB-A1B2-5619BBB515FA} = {0335447E-863C-4335-A2FB-A6AC7AE12917}
		{AB318AAD-488F-4C85-9BA0-900A0826E941} = {0335447E-863C-4335-A2FB-A6AC7AE12917}
		{F5033996-E58C-4E29-A79E-7512E4D8FDAA} = {0335447E-863C-4335-A2FB-A6AC7AE12917}
		{F16D8BC8-2191-498F-9950-DC8AA200B0BA} = {C3F66B67-FA56-40D6-800B-335163886830}
		{7DF11E7B-E7FE-4EBB-A707-C592A230DF54} = {C3F66B67-FA56-40D6-800B-335163886830}
		{0DDEEF40-567F-49DE-94EC-314309702534} = {C3F66B67-FA56-40D6-800B-335163886830}
		{A4C6627C-C21B-4BB7-93A4-B40AC748588D} = {C3F66B67-FA56-40D6-800B-335163886830}
		{F116D6F7-E47C-4C73-A802-4F61BA50857F} = {C3F66B67-FA56-40D6-800B-335163886830}
		{9432EE8B-1181-43CB-9E8D-E156EAC8F7BA} = {C3F66B67-FA56-40D6-800B-335163886830}
		{EE534ABF-10E8-467B-AA25-D8A39B6542B4} = {C3F66B67-FA56-40D6-800B-335163886830}
		{F794B999-94DB-4443-8780-25AD170742EE} = {C3F66B67-FA56-40D6-800B-335163886830}
		{CEFD01C6-467D-4E1C-ACE6-AF093E443E08} = {C3F66B67-FA56-40D6-800B-335163886830}
		{30214616-7C89-467A-9147-7385E91AED13} = {C3F66B67-FA56-40D6-800B-335163886830}
		{6E0BCD94-E6D1-4F4D-BF0F-912EE279C09C} = {C3F66B67-FA56-40D6-800B-335163886830}
		{F206C037-60A2-47A0-9166-F60A785FADC7} = {C3F66B67-FA56-40D6-800B-335163886830}
	EndGlobalSection
	GlobalSection(ExtensibilityGlobals) = postSolution
		VisualSVNWorkingCopyRoot = .
	EndGlobalSection
EndGlobal
